# THIS IS AN AUTOGENERATED FILE. DO NOT EDIT THIS FILE DIRECTLY.
# yarn lockfile v1


"@entur/button@^4.0.3":
  version "4.0.5"
  resolved "https://registry.yarnpkg.com/@entur/button/-/button-4.0.5.tgz#abc123"
  integrity sha512-abc123==

"@entur/icons@^8.0.0":
  version "8.1.2"
  resolved "https://registry.yarnpkg.com/@entur/icons/-/icons-8.1.2.tgz#def456"
  integrity sha512-def456==

"@entur/tokens@^3.22.2":
  version "3.22.5"
  resolved "https://registry.yarnpkg.com/@entur/tokens/-/tokens-3.22.5.tgz#ghi789"
  integrity sha512-ghi789==

"@entur/typography@^2.1.4":
  version "2.1.4"
  resolved "https://registry.yarnpkg.com/@entur/typography/-/typography-2.1.4.tgz#jkl012"
  integrity sha512-jkl012==

"react@^18.2.0":
  version "18.2.0"
  resolved "https://registry.yarnpkg.com/react/-/react-18.2.0.tgz"
  integrity sha512-xyz==

"styled-components@^6.0.0":
  version "6.1.8"
  resolved "https://registry.yarnpkg.com/styled-components/-/styled-components-6.1.8.tgz"
  integrity sha512-xyz==
